Microsoft Visual Studio Solution File, Format Version 12.00
# Visual Studio 15
VisualStudioVersion = 15.0.27130.2027
MinimumVisualStudioVersion = 15.0.26124.0
Project("{9A19103F-16F7-4668-BE54-9A1E7A4F7556}") = "postview.Server", "postview.Server\postview.Server.csproj", "{CE6D3788-4060-4223-8D0C-6943A3513B0D}"
EndProject
Project("{9A19103F-16F7-4668-BE54-9A1E7A4F7556}") = "postview.App", "postview.App\postview.App.csproj", "{608C7E79-F1DC-4EBA-AF5E-29029FC193C1}"
EndProject
Global
	GlobalSection(SolutionConfigurationPlatforms) = preSolution
		Debug|Any CPU = Debug|Any CPU
		Debug|x64 = Debug|x64
		Debug|x86 = Debug|x86
		Release|Any CPU = Release|Any CPU
		Release|x64 = Release|x64
		Release|x86 = Release|x86
	EndGlobalSection
	GlobalSection(ProjectConfigurationPlatforms) = postSolution
		{608C7E79-F1DC-4EBA-AF5E-29029FC193C1}.Debug|Any CPU.ActiveCfg = Debug|Any CPU
		{608C7E79-F1DC-4EBA-AF5E-29029FC193C1}.Debug|Any CPU.Build.0 = Debug|Any CPU
		{608C7E79-F1DC-4EBA-AF5E-29029FC193C1}.Debug|x64.ActiveCfg = Debug|Any CPU
		{608C7E79-F1DC-4EBA-AF5E-29029FC193C1}.Debug|x64.Build.0 = Debug|Any CPU
		{608C7E79-F1DC-4EBA-AF5E-29029FC193C1}.Debug|x86.ActiveCfg = Debug|Any CPU
		{608C7E79-F1DC-4EBA-AF5E-29029FC193C1}.Debug|x86.Build.0 = Debug|Any CPU
		{608C7E79-F1DC-4EBA-AF5E-29029FC193C1}.Release|Any CPU.ActiveCfg = Release|Any CPU
		{608C7E79-F1DC-4EBA-AF5E-29029FC193C1}.Release|Any CPU.Build.0 = Release|Any CPU
		{608C7E79-F1DC-4EBA-AF5E-29029FC193C1}.Release|x64.ActiveCfg = Release|Any CPU
		{608C7E79-F1DC-4EBA-AF5E-29029FC193C1}.Release|x64.Build.0 = Release|Any CPU
		{608C7E79-F1DC-4EBA-AF5E-29029FC193C1}.Release|x86.ActiveCfg = Release|Any CPU
		{608C7E79-F1DC-4EBA-AF5E-29029FC193C1}.Release|x86.Build.0 = Release|Any CPU
		{CE6D3788-4060-4223-8D0C-6943A3513B0D}.Debug|Any CPU.ActiveCfg = Debug|Any CPU
		{CE6D3788-4060-4223-8D0C-6943A3513B0D}.Debug|Any CPU.Build.0 = Debug|Any CPU
		{CE6D3788-4060-4223-8D0C-6943A3513B0D}.Debug|x64.ActiveCfg = Debug|Any CPU
		{CE6D3788-4060-4223-8D0C-6943A3513B0D}.Debug|x64.Build.0 = Debug|Any CPU
		{CE6D3788-4060-4223-8D0C-6943A3513B0D}.Debug|x86.ActiveCfg = Debug|Any CPU
		{CE6D3788-4060-4223-8D0C-6943A3513B0D}.Debug|x86.Build.0 = Debug|Any CPU
		{CE6D3788-4060-4223-8D0C-6943A3513B0D}.Release|Any CPU.ActiveCfg = Release|Any CPU
		{CE6D3788-4060-4223-8D0C-6943A3513B0D}.Release|Any CPU.Build.0 = Release|Any CPU
		{CE6D3788-4060-4223-8D0C-6943A3513B0D}.Release|x64.ActiveCfg = Release|Any CPU
		{CE6D3788-4060-4223-8D0C-6943A3513B0D}.Release|x64.Build.0 = Release|Any CPU
		{CE6D3788-4060-4223-8D0C-6943A3513B0D}.Release|x86.ActiveCfg = Release|Any CPU
		{CE6D3788-4060-4223-8D0C-6943A3513B0D}.Release|x86.Build.0 = Release|Any CPU
	EndGlobalSection
	GlobalSection(SolutionProperties) = preSolution
		HideSolutionNode = FALSE
	EndGlobalSection
	GlobalSection(ExtensibilityGlobals) = postSolution
		SolutionGuid = {9CAB9A54-8A58-455E-9F12-6EF49760DFAF}
	EndGlobalSection
EndGlobal
